
Microsoft Visual Studio Solution File, Format Version 12.00
# Visual Studio 15
VisualStudioVersion = 15.0.27703.2026
MinimumVisualStudioVersion = 10.0.40219.1
Project("{FAE04EC0-301F-11D3-BF4B-00C04F79EFBC}") = "GameEngine", "GameEngine\GameEngine.csproj", "{574D95A5-7163-4997-BCAA-5A87144D3F32}"
EndProject
Project("{FAE04EC0-301F-11D3-BF4B-00C04F79EFBC}") = "GameEngine.Core", "GameEngine.Core\GameEngine.Core.csproj", "{48CDEE5E-D502-44C4-BDA9-EF23062926BD}"
EndProject
Global
	GlobalSection(SolutionConfigurationPlatforms) = preSolution
		Debug|Any CPU = Debug|Any CPU
		Release|Any CPU = Release|Any CPU
	EndGlobalSection
	GlobalSection(ProjectConfigurationPlatforms) = postSolution
		{574D95A5-7163-4997-BCAA-5A87144D3F32}.Debug|Any CPU.ActiveCfg = Debug|Any CPU
		{574D95A5-7163-4997-BCAA-5A87144D3F32}.Debug|Any CPU.Build.0 = Debug|Any CPU
		{574D95A5-7163-4997-BCAA-5A87144D3F32}.Release|Any CPU.ActiveCfg = Release|Any CPU
		{574D95A5-7163-4997-BCAA-5A87144D3F32}.Release|Any CPU.Build.0 = Release|Any CPU
		{48CDEE5E-D502-44C4-BDA9-EF23062926BD}.Debug|Any CPU.ActiveCfg = Debug|Any CPU
		{48CDEE5E-D502-44C4-BDA9-EF23062926BD}.Debug|Any CPU.Build.0 = Debug|Any CPU
		{48CDEE5E-D502-44C4-BDA9-EF23062926BD}.Release|Any CPU.ActiveCfg = Release|Any CPU
		{48CDEE5E-D502-44C4-BDA9-EF23062926BD}.Release|Any CPU.Build.0 = Release|Any CPU
	EndGlobalSection
	GlobalSection(SolutionProperties) = preSolution
		HideSolutionNode = FALSE
	EndGlobalSection
	GlobalSection(ExtensibilityGlobals) = postSolution
		SolutionGuid = {7A8BA385-E393-4FBC-A857-C7050CD2575D}
	EndGlobalSection
EndGlobal
